
Microsoft Visual Studio Solution File, Format Version 12.00
# Visual Studio Version 17
VisualStudioVersion = 17.0.31903.59
MinimumVisualStudioVersion = 10.0.40219.1
Project("{FAE04EC0-301F-11D3-BF4B-00C04F79EFBC}") = "SporeSync.API", "SporeSync.API\SporeSync.API.csproj", "{79EF818A-9CFE-49B4-80A9-3D86D04DD6D2}"
EndProject
Project("{FAE04EC0-301F-11D3-BF4B-00C04F79EFBC}") = "SporeSync.Domain", "SporeSync.Domain\SporeSync.Domain.csproj", "{4FB9E5AA-6975-4033-9116-9B7A0F2407C4}"
EndProject
Project("{FAE04EC0-301F-11D3-BF4B-00C04F79EFBC}") = "SporeSync.Application", "SporeSync.Application\SporeSync.Application.csproj", "{A08B19A1-9799-43BE-88DA-BA1FFA41B1F4}"
EndProject
Project("{FAE04EC0-301F-11D3-BF4B-00C04F79EFBC}") = "SporeSync.Infrastructure", "SporeSync.Infrastructure\SporeSync.Infrastructure.csproj", "{B12E34F5-8A9D-4C8B-A7E6-F4D2E1B3C9A8}"
EndProject
Global
	GlobalSection(SolutionConfigurationPlatforms) = preSolution
		Debug|Any CPU = Debug|Any CPU
		Release|Any CPU = Release|Any CPU
	EndGlobalSection
	GlobalSection(SolutionProperties) = preSolution
		HideSolutionNode = FALSE
	EndGlobalSection
	GlobalSection(ProjectConfigurationPlatforms) = postSolution
		{79EF818A-9CFE-49B4-80A9-3D86D04DD6D2}.Debug|Any CPU.ActiveCfg = Debug|Any CPU
		{79EF818A-9CFE-49B4-80A9-3D86D04DD6D2}.Debug|Any CPU.Build.0 = Debug|Any CPU
		{79EF818A-9CFE-49B4-80A9-3D86D04DD6D2}.Release|Any CPU.ActiveCfg = Release|Any CPU
		{79EF818A-9CFE-49B4-80A9-3D86D04DD6D2}.Release|Any CPU.Build.0 = Release|Any CPU
		{4FB9E5AA-6975-4033-9116-9B7A0F2407C4}.Debug|Any CPU.ActiveCfg = Debug|Any CPU
		{4FB9E5AA-6975-4033-9116-9B7A0F2407C4}.Debug|Any CPU.Build.0 = Debug|Any CPU
		{4FB9E5AA-6975-4033-9116-9B7A0F2407C4}.Release|Any CPU.ActiveCfg = Release|Any CPU
		{4FB9E5AA-6975-4033-9116-9B7A0F2407C4}.Release|Any CPU.Build.0 = Release|Any CPU
		{A08B19A1-9799-43BE-88DA-BA1FFA41B1F4}.Debug|Any CPU.ActiveCfg = Debug|Any CPU
		{A08B19A1-9799-43BE-88DA-BA1FFA41B1F4}.Debug|Any CPU.Build.0 = Debug|Any CPU
		{A08B19A1-9799-43BE-88DA-BA1FFA41B1F4}.Release|Any CPU.ActiveCfg = Release|Any CPU
		{A08B19A1-9799-43BE-88DA-BA1FFA41B1F4}.Release|Any CPU.Build.0 = Release|Any CPU
		{B12E34F5-8A9D-4C8B-A7E6-F4D2E1B3C9A8}.Debug|Any CPU.ActiveCfg = Debug|Any CPU
		{B12E34F5-8A9D-4C8B-A7E6-F4D2E1B3C9A8}.Debug|Any CPU.Build.0 = Debug|Any CPU
		{B12E34F5-8A9D-4C8B-A7E6-F4D2E1B3C9A8}.Release|Any CPU.ActiveCfg = Release|Any CPU
		{B12E34F5-8A9D-4C8B-A7E6-F4D2E1B3C9A8}.Release|Any CPU.Build.0 = Release|Any CPU
	EndGlobalSection
EndGlobal
